PODS:
  - MLVerticalProgressView (0.1.0)
  - WaterDrops (0.1.3)

DEPENDENCIES:
  - MLVerticalProgressView
  - WaterDrops

SPEC REPOS:
  trunk:
    - MLVerticalProgressView
    - WaterDrops

SPEC CHECKSUMS:
  MLVerticalProgressView: 1524a25eec9cda5860f94ba281c6d42ecee90880
  WaterDrops: 8f28cad75a2770e24bc2f7688274273a9d92a289

PODFILE CHECKSUM: 8f29bfcf51be688379b59231ec1b54f1c0bc2692

COCOAPODS: 1.16.2
